
Microsoft Visual Studio Solution File, Format Version 12.00
# Visual Studio Version 17
VisualStudioVersion = 17.4.33213.308
MinimumVisualStudioVersion = 10.0.40219.1
Project("{FAE04EC0-301F-11D3-BF4B-00C04F79EFBC}") = "HomeTaskLesson4", "HomeTaskLesson4\HomeTaskLesson4.csproj", "{EF405231-760F-497D-A9A7-C92AF35A93FB}"
EndProject
Global
	GlobalSection(SolutionConfigurationPlatforms) = preSolution
		Debug|Any CPU = Debug|Any CPU
		Release|Any CPU = Release|Any CPU
	EndGlobalSection
	GlobalSection(ProjectConfigurationPlatforms) = postSolution
		{EF405231-760F-497D-A9A7-C92AF35A93FB}.Debug|Any CPU.ActiveCfg = Debug|Any CPU
		{EF405231-760F-497D-A9A7-C92AF35A93FB}.Debug|Any CPU.Build.0 = Debug|Any CPU
		{EF405231-760F-497D-A9A7-C92AF35A93FB}.Release|Any CPU.ActiveCfg = Release|Any CPU
		{EF405231-760F-497D-A9A7-C92AF35A93FB}.Release|Any CPU.Build.0 = Release|Any CPU
	EndGlobalSection
	GlobalSection(SolutionProperties) = preSolution
		HideSolutionNode = FALSE
	EndGlobalSection
	GlobalSection(ExtensibilityGlobals) = postSolution
		SolutionGuid = {783431EE-DBC5-4D29-B9F0-A2C23D37E06F}
	EndGlobalSection
EndGlobal
